// !$*UTF8*$!
{
	archiveVersion = 1;
	classes = {
	};
	objectVersion = 56;
	objects = {

/* Begin PBXBuildFile section */
		E33935212AE0E1EA00CC9672 /* main.cpp in Sources */ = {isa = PBXBuildFile; fileRef = E33935202AE0E1EA00CC9672 /* main.cpp */; };
		E33935332AE0E8E700CC9672 /* SDL2.framework in Frameworks */ = {isa = PBXBuildFile; fileRef = E33935322AE0E8E700CC9672 /* SDL2.framework */; };
		E350FF5B2AF4856C00A3F6C1 /* FixedPoint.cpp in Sources */ = {isa = PBXBuildFile; fileRef = E350FF592AF4856C00A3F6C1 /* FixedPoint.cpp */; };
		E350FF5E2AF48ACA00A3F6C1 /* ElasticConnector.cpp in Sources */ = {isa = PBXBuildFile; fileRef = E350FF5C2AF48ACA00A3F6C1 /* ElasticConnector.cpp */; };
		E35B77BD2B24546D0080F759 /* Types.cpp in Sources */ = {isa = PBXBuildFile; fileRef = E35B77BB2B24546D0080F759 /* Types.cpp */; };
		E36B29A92B0BA34700C8C568 /* IRenderer.cpp in Sources */ = {isa = PBXBuildFile; fileRef = E36B29A72B0BA34700C8C568 /* IRenderer.cpp */; };
		E36E31F42B184CAC00C5D9F7 /* IPoint.cpp in Sources */ = {isa = PBXBuildFile; fileRef = E36E31F22B184CAC00C5D9F7 /* IPoint.cpp */; };
		E36E320C2B188E8900C5D9F7 /* Color.cpp in Sources */ = {isa = PBXBuildFile; fileRef = E36E320A2B188E8900C5D9F7 /* Color.cpp */; };
		E36E321A2B1971A400C5D9F7 /* Vec2D.cpp in Sources */ = {isa = PBXBuildFile; fileRef = E36E32182B1971A400C5D9F7 /* Vec2D.cpp */; };
		E3B013F72AEA3DAB003C20E6 /* Window.cpp in Sources */ = {isa = PBXBuildFile; fileRef = E3B013F52AEA3DAB003C20E6 /* Window.cpp */; };
		E3B013FA2AEA45C5003C20E6 /* MassPoint.cpp in Sources */ = {isa = PBXBuildFile; fileRef = E3B013F82AEA45C5003C20E6 /* MassPoint.cpp */; };
		E3EF33692B079B94001B6B20 /* ForceAdder.cpp in Sources */ = {isa = PBXBuildFile; fileRef = E3EF33672B079B94001B6B20 /* ForceAdder.cpp */; };
		E3EF33712B07A859001B6B20 /* IBody.cpp in Sources */ = {isa = PBXBuildFile; fileRef = E3EF336F2B07A859001B6B20 /* IBody.cpp */; };
		E3EF33742B07A861001B6B20 /* SoftBody.cpp in Sources */ = {isa = PBXBuildFile; fileRef = E3EF33722B07A861001B6B20 /* SoftBody.cpp */; };
		E3F03B552B1248B70080C2AE /* PointRenderer.cpp in Sources */ = {isa = PBXBuildFile; fileRef = E3F03B532B1248B70080C2AE /* PointRenderer.cpp */; };
		E3F03B582B12509C0080C2AE /* IEntity.cpp in Sources */ = {isa = PBXBuildFile; fileRef = E3F03B562B12509C0080C2AE /* IEntity.cpp */; };
		E3F03B5B2B13331B0080C2AE /* BodyRenderer.cpp in Sources */ = {isa = PBXBuildFile; fileRef = E3F03B592B13331B0080C2AE /* BodyRenderer.cpp */; };
		E3F03B5E2B13365E0080C2AE /* ConnectorRenderer.cpp in Sources */ = {isa = PBXBuildFile; fileRef = E3F03B5C2B13365E0080C2AE /* ConnectorRenderer.cpp */; };
		E3F03B622B1395390080C2AE /* utils.cpp in Sources */ = {isa = PBXBuildFile; fileRef = E3F03B602B1395390080C2AE /* utils.cpp */; };
		E3F4617F2AF9FCE10078AE76 /* IConnector.cpp in Sources */ = {isa = PBXBuildFile; fileRef = E3F4617D2AF9FCE10078AE76 /* IConnector.cpp */; };
/* End PBXBuildFile section */

/* Begin PBXCopyFilesBuildPhase section */
		E339351B2AE0E1EA00CC9672 /* CopyFiles */ = {
			isa = PBXCopyFilesBuildPhase;
			buildActionMask = 2147483647;
			dstPath = /usr/share/man/man1/;
			dstSubfolderSpec = 0;
			files = (
			);
			runOnlyForDeploymentPostprocessing = 1;
		};
/* End PBXCopyFilesBuildPhase section */

/* Begin PBXFileReference section */
		E339351D2AE0E1EA00CC9672 /* SoftBodyTetris */ = {isa = PBXFileReference; explicitFileType = "compiled.mach-o.executable"; includeInIndex = 0; path = SoftBodyTetris; sourceTree = BUILT_PRODUCTS_DIR; };
		E33935202AE0E1EA00CC9672 /* main.cpp */ = {isa = PBXFileReference; lastKnownFileType = sourcecode.cpp.cpp; path = main.cpp; sourceTree = "<group>"; };
		E33935322AE0E8E700CC9672 /* SDL2.framework */ = {isa = PBXFileReference; lastKnownFileType = wrapper.framework; name = SDL2.framework; path = ../../../../../../Library/Frameworks/SDL2.framework; sourceTree = "<group>"; };
		E350FF592AF4856C00A3F6C1 /* FixedPoint.cpp */ = {isa = PBXFileReference; lastKnownFileType = sourcecode.cpp.cpp; path = FixedPoint.cpp; sourceTree = "<group>"; };
		E350FF5A2AF4856C00A3F6C1 /* FixedPoint.hpp */ = {isa = PBXFileReference; lastKnownFileType = sourcecode.cpp.h; path = FixedPoint.hpp; sourceTree = "<group>"; };
		E350FF5C2AF48ACA00A3F6C1 /* ElasticConnector.cpp */ = {isa = PBXFileReference; lastKnownFileType = sourcecode.cpp.cpp; path = ElasticConnector.cpp; sourceTree = "<group>"; };
		E350FF5D2AF48ACA00A3F6C1 /* ElasticConnector.hpp */ = {isa = PBXFileReference; lastKnownFileType = sourcecode.cpp.h; path = ElasticConnector.hpp; sourceTree = "<group>"; };
		E35B77BB2B24546D0080F759 /* Types.cpp */ = {isa = PBXFileReference; lastKnownFileType = sourcecode.cpp.cpp; path = Types.cpp; sourceTree = "<group>"; };
		E35B77BC2B24546D0080F759 /* Types.hpp */ = {isa = PBXFileReference; lastKnownFileType = sourcecode.cpp.h; path = Types.hpp; sourceTree = "<group>"; };
		E36B29A72B0BA34700C8C568 /* IRenderer.cpp */ = {isa = PBXFileReference; lastKnownFileType = sourcecode.cpp.cpp; path = IRenderer.cpp; sourceTree = "<group>"; };
		E36B29A82B0BA34700C8C568 /* IRenderer.hpp */ = {isa = PBXFileReference; lastKnownFileType = sourcecode.cpp.h; path = IRenderer.hpp; sourceTree = "<group>"; };
		E36E31F22B184CAC00C5D9F7 /* IPoint.cpp */ = {isa = PBXFileReference; lastKnownFileType = sourcecode.cpp.cpp; path = IPoint.cpp; sourceTree = "<group>"; };
		E36E31F32B184CAC00C5D9F7 /* IPoint.hpp */ = {isa = PBXFileReference; lastKnownFileType = sourcecode.cpp.h; path = IPoint.hpp; sourceTree = "<group>"; };
		E36E320A2B188E8900C5D9F7 /* Color.cpp */ = {isa = PBXFileReference; lastKnownFileType = sourcecode.cpp.cpp; path = Color.cpp; sourceTree = "<group>"; };
		E36E320B2B188E8900C5D9F7 /* Color.hpp */ = {isa = PBXFileReference; lastKnownFileType = sourcecode.cpp.h; path = Color.hpp; sourceTree = "<group>"; };
		E36E320E2B188EDC00C5D9F7 /* Renderable.hpp */ = {isa = PBXFileReference; lastKnownFileType = sourcecode.cpp.h; path = Renderable.hpp; sourceTree = "<group>"; };
		E36E32182B1971A400C5D9F7 /* Vec2D.cpp */ = {isa = PBXFileReference; lastKnownFileType = sourcecode.cpp.cpp; path = Vec2D.cpp; sourceTree = "<group>"; };
		E36E32192B1971A400C5D9F7 /* Vec2D.hpp */ = {isa = PBXFileReference; lastKnownFileType = sourcecode.cpp.h; path = Vec2D.hpp; sourceTree = "<group>"; };
		E3B013F42AEA3D8F003C20E6 /* graphics.hpp */ = {isa = PBXFileReference; lastKnownFileType = sourcecode.cpp.h; path = graphics.hpp; sourceTree = "<group>"; };
		E3B013F52AEA3DAB003C20E6 /* Window.cpp */ = {isa = PBXFileReference; lastKnownFileType = sourcecode.cpp.cpp; path = Window.cpp; sourceTree = "<group>"; };
		E3B013F62AEA3DAB003C20E6 /* Window.hpp */ = {isa = PBXFileReference; lastKnownFileType = sourcecode.cpp.h; path = Window.hpp; sourceTree = "<group>"; };
		E3B013F82AEA45C5003C20E6 /* MassPoint.cpp */ = {isa = PBXFileReference; lastKnownFileType = sourcecode.cpp.cpp; path = MassPoint.cpp; sourceTree = "<group>"; };
		E3B013F92AEA45C5003C20E6 /* MassPoint.hpp */ = {isa = PBXFileReference; lastKnownFileType = sourcecode.cpp.h; path = MassPoint.hpp; sourceTree = "<group>"; };
		E3B013FC2AEA47BC003C20E6 /* physics.hpp */ = {isa = PBXFileReference; lastKnownFileType = sourcecode.cpp.h; path = physics.hpp; sourceTree = "<group>"; };
		E3EF33672B079B94001B6B20 /* ForceAdder.cpp */ = {isa = PBXFileReference; lastKnownFileType = sourcecode.cpp.cpp; path = ForceAdder.cpp; sourceTree = "<group>"; };
		E3EF33682B079B94001B6B20 /* ForceAdder.hpp */ = {isa = PBXFileReference; lastKnownFileType = sourcecode.cpp.h; path = ForceAdder.hpp; sourceTree = "<group>"; };
		E3EF336F2B07A859001B6B20 /* IBody.cpp */ = {isa = PBXFileReference; lastKnownFileType = sourcecode.cpp.cpp; path = IBody.cpp; sourceTree = "<group>"; };
		E3EF33702B07A859001B6B20 /* IBody.hpp */ = {isa = PBXFileReference; lastKnownFileType = sourcecode.cpp.h; path = IBody.hpp; sourceTree = "<group>"; };
		E3EF33722B07A861001B6B20 /* SoftBody.cpp */ = {isa = PBXFileReference; lastKnownFileType = sourcecode.cpp.cpp; path = SoftBody.cpp; sourceTree = "<group>"; };
		E3EF33732B07A861001B6B20 /* SoftBody.hpp */ = {isa = PBXFileReference; lastKnownFileType = sourcecode.cpp.h; path = SoftBody.hpp; sourceTree = "<group>"; };
		E3F03B532B1248B70080C2AE /* PointRenderer.cpp */ = {isa = PBXFileReference; lastKnownFileType = sourcecode.cpp.cpp; path = PointRenderer.cpp; sourceTree = "<group>"; };
		E3F03B542B1248B70080C2AE /* PointRenderer.hpp */ = {isa = PBXFileReference; lastKnownFileType = sourcecode.cpp.h; path = PointRenderer.hpp; sourceTree = "<group>"; };
		E3F03B562B12509C0080C2AE /* IEntity.cpp */ = {isa = PBXFileReference; lastKnownFileType = sourcecode.cpp.cpp; path = IEntity.cpp; sourceTree = "<group>"; };
		E3F03B572B12509C0080C2AE /* IEntity.hpp */ = {isa = PBXFileReference; lastKnownFileType = sourcecode.cpp.h; path = IEntity.hpp; sourceTree = "<group>"; };
		E3F03B592B13331B0080C2AE /* BodyRenderer.cpp */ = {isa = PBXFileReference; lastKnownFileType = sourcecode.cpp.cpp; path = BodyRenderer.cpp; sourceTree = "<group>"; };
		E3F03B5A2B13331B0080C2AE /* BodyRenderer.hpp */ = {isa = PBXFileReference; lastKnownFileType = sourcecode.cpp.h; path = BodyRenderer.hpp; sourceTree = "<group>"; };
		E3F03B5C2B13365E0080C2AE /* ConnectorRenderer.cpp */ = {isa = PBXFileReference; lastKnownFileType = sourcecode.cpp.cpp; path = ConnectorRenderer.cpp; sourceTree = "<group>"; };
		E3F03B5D2B13365E0080C2AE /* ConnectorRenderer.hpp */ = {isa = PBXFileReference; lastKnownFileType = sourcecode.cpp.h; path = ConnectorRenderer.hpp; sourceTree = "<group>"; };
		E3F03B602B1395390080C2AE /* utils.cpp */ = {isa = PBXFileReference; lastKnownFileType = sourcecode.cpp.cpp; path = utils.cpp; sourceTree = "<group>"; };
		E3F03B612B1395390080C2AE /* utils.hpp */ = {isa = PBXFileReference; lastKnownFileType = sourcecode.cpp.h; path = utils.hpp; sourceTree = "<group>"; };
		E3F4617D2AF9FCE10078AE76 /* IConnector.cpp */ = {isa = PBXFileReference; lastKnownFileType = sourcecode.cpp.cpp; path = IConnector.cpp; sourceTree = "<group>"; };
		E3F4617E2AF9FCE10078AE76 /* IConnector.hpp */ = {isa = PBXFileReference; lastKnownFileType = sourcecode.cpp.h; path = IConnector.hpp; sourceTree = "<group>"; };
/* End PBXFileReference section */

/* Begin PBXFrameworksBuildPhase section */
		E339351A2AE0E1EA00CC9672 /* Frameworks */ = {
			isa = PBXFrameworksBuildPhase;
			buildActionMask = 2147483647;
			files = (
				E33935332AE0E8E700CC9672 /* SDL2.framework in Frameworks */,
			);
			runOnlyForDeploymentPostprocessing = 0;
		};
/* End PBXFrameworksBuildPhase section */

/* Begin PBXGroup section */
		E33935142AE0E1EA00CC9672 = {
			isa = PBXGroup;
			children = (
				E339351F2AE0E1EA00CC9672 /* SoftBodyTetris */,
				E339351E2AE0E1EA00CC9672 /* Products */,
				E33935272AE0E37E00CC9672 /* Frameworks */,
			);
			sourceTree = "<group>";
		};
		E339351E2AE0E1EA00CC9672 /* Products */ = {
			isa = PBXGroup;
			children = (
				E339351D2AE0E1EA00CC9672 /* SoftBodyTetris */,
			);
			name = Products;
			sourceTree = "<group>";
		};
		E339351F2AE0E1EA00CC9672 /* SoftBodyTetris */ = {
			isa = PBXGroup;
			children = (
				E36E31F82B188BFC00C5D9F7 /* types */,
				E3F03B5F2B13952D0080C2AE /* utils */,
				E36B299B2B0B93D200C8C568 /* entities */,
				E3B013F32AEA3D71003C20E6 /* graphics */,
				E3B013F22AEA3D58003C20E6 /* physics */,
				E33935202AE0E1EA00CC9672 /* main.cpp */,
			);
			path = SoftBodyTetris;
			sourceTree = "<group>";
		};
		E33935272AE0E37E00CC9672 /* Frameworks */ = {
			isa = PBXGroup;
			children = (
				E33935322AE0E8E700CC9672 /* SDL2.framework */,
			);
			name = Frameworks;
			sourceTree = "<group>";
		};
		E36B299B2B0B93D200C8C568 /* entities */ = {
			isa = PBXGroup;
			children = (
				E3F03B562B12509C0080C2AE /* IEntity.cpp */,
				E3F03B572B12509C0080C2AE /* IEntity.hpp */,
			);
			path = entities;
			sourceTree = "<group>";
		};
		E36B299F2B0B946A00C8C568 /* renderer */ = {
			isa = PBXGroup;
			children = (
				E36B29A72B0BA34700C8C568 /* IRenderer.cpp */,
				E36B29A82B0BA34700C8C568 /* IRenderer.hpp */,
				E3F03B532B1248B70080C2AE /* PointRenderer.cpp */,
				E3F03B542B1248B70080C2AE /* PointRenderer.hpp */,
				E3F03B5C2B13365E0080C2AE /* ConnectorRenderer.cpp */,
				E3F03B5D2B13365E0080C2AE /* ConnectorRenderer.hpp */,
				E3F03B592B13331B0080C2AE /* BodyRenderer.cpp */,
				E3F03B5A2B13331B0080C2AE /* BodyRenderer.hpp */,
			);
			path = renderer;
			sourceTree = "<group>";
		};
		E36E31F82B188BFC00C5D9F7 /* types */ = {
			isa = PBXGroup;
			children = (
				E36E32092B188E7400C5D9F7 /* graphics */,
				E36E32082B188E6500C5D9F7 /* physics */,
				E35B77BB2B24546D0080F759 /* Types.cpp */,
				E35B77BC2B24546D0080F759 /* Types.hpp */,
			);
			path = types;
			sourceTree = "<group>";
		};
		E36E32082B188E6500C5D9F7 /* physics */ = {
			isa = PBXGroup;
			children = (
				E36E32182B1971A400C5D9F7 /* Vec2D.cpp */,
				E36E32192B1971A400C5D9F7 /* Vec2D.hpp */,
			);
			path = physics;
			sourceTree = "<group>";
		};
		E36E32092B188E7400C5D9F7 /* graphics */ = {
			isa = PBXGroup;
			children = (
				E36E320A2B188E8900C5D9F7 /* Color.cpp */,
				E36E320B2B188E8900C5D9F7 /* Color.hpp */,
				E36E320E2B188EDC00C5D9F7 /* Renderable.hpp */,
			);
			path = graphics;
			sourceTree = "<group>";
		};
		E3B013F22AEA3D58003C20E6 /* physics */ = {
			isa = PBXGroup;
			children = (
				E3EF336E2B07A847001B6B20 /* body */,
				E3EF335B2B079864001B6B20 /* forceAdder */,
				E3F461782AF9F7270078AE76 /* point */,
				E3F461792AF9F73F0078AE76 /* connector */,
				E3B013FC2AEA47BC003C20E6 /* physics.hpp */,
			);
			path = physics;
			sourceTree = "<group>";
		};
		E3B013F32AEA3D71003C20E6 /* graphics */ = {
			isa = PBXGroup;
			children = (
				E36B299F2B0B946A00C8C568 /* renderer */,
				E3B013F42AEA3D8F003C20E6 /* graphics.hpp */,
				E3B013F52AEA3DAB003C20E6 /* Window.cpp */,
				E3B013F62AEA3DAB003C20E6 /* Window.hpp */,
			);
			path = graphics;
			sourceTree = "<group>";
		};
		E3EF335B2B079864001B6B20 /* forceAdder */ = {
			isa = PBXGroup;
			children = (
				E3EF33672B079B94001B6B20 /* ForceAdder.cpp */,
				E3EF33682B079B94001B6B20 /* ForceAdder.hpp */,
			);
			path = forceAdder;
			sourceTree = "<group>";
		};
		E3EF336E2B07A847001B6B20 /* body */ = {
			isa = PBXGroup;
			children = (
				E3EF336F2B07A859001B6B20 /* IBody.cpp */,
				E3EF33702B07A859001B6B20 /* IBody.hpp */,
				E3EF33722B07A861001B6B20 /* SoftBody.cpp */,
				E3EF33732B07A861001B6B20 /* SoftBody.hpp */,
			);
			path = body;
			sourceTree = "<group>";
		};
		E3F03B5F2B13952D0080C2AE /* utils */ = {
			isa = PBXGroup;
			children = (
				E3F03B602B1395390080C2AE /* utils.cpp */,
				E3F03B612B1395390080C2AE /* utils.hpp */,
			);
			path = utils;
			sourceTree = "<group>";
		};
		E3F461782AF9F7270078AE76 /* point */ = {
			isa = PBXGroup;
			children = (
				E350FF592AF4856C00A3F6C1 /* FixedPoint.cpp */,
				E350FF5A2AF4856C00A3F6C1 /* FixedPoint.hpp */,
				E3B013F82AEA45C5003C20E6 /* MassPoint.cpp */,
				E3B013F92AEA45C5003C20E6 /* MassPoint.hpp */,
				E36E31F22B184CAC00C5D9F7 /* IPoint.cpp */,
				E36E31F32B184CAC00C5D9F7 /* IPoint.hpp */,
			);
			path = point;
			sourceTree = "<group>";
		};
		E3F461792AF9F73F0078AE76 /* connector */ = {
			isa = PBXGroup;
			children = (
				E3F4617D2AF9FCE10078AE76 /* IConnector.cpp */,
				E3F4617E2AF9FCE10078AE76 /* IConnector.hpp */,
				E350FF5C2AF48ACA00A3F6C1 /* ElasticConnector.cpp */,
				E350FF5D2AF48ACA00A3F6C1 /* ElasticConnector.hpp */,
			);
			path = connector;
			sourceTree = "<group>";
		};
/* End PBXGroup section */

/* Begin PBXNativeTarget section */
		E339351C2AE0E1EA00CC9672 /* SoftBodyTetris */ = {
			isa = PBXNativeTarget;
			buildConfigurationList = E33935242AE0E1EA00CC9672 /* Build configuration list for PBXNativeTarget "SoftBodyTetris" */;
			buildPhases = (
				E33935192AE0E1EA00CC9672 /* Sources */,
				E339351A2AE0E1EA00CC9672 /* Frameworks */,
				E339351B2AE0E1EA00CC9672 /* CopyFiles */,
			);
			buildRules = (
			);
			dependencies = (
			);
			name = SoftBodyTetris;
			productName = SoftBodyTetris;
			productReference = E339351D2AE0E1EA00CC9672 /* SoftBodyTetris */;
			productType = "com.apple.product-type.tool";
		};
/* End PBXNativeTarget section */

/* Begin PBXProject section */
		E33935152AE0E1EA00CC9672 /* Project object */ = {
			isa = PBXProject;
			attributes = {
				BuildIndependentTargetsInParallel = 1;
				LastUpgradeCheck = 1430;
				TargetAttributes = {
					E339351C2AE0E1EA00CC9672 = {
						CreatedOnToolsVersion = 14.3.1;
					};
				};
			};
			buildConfigurationList = E33935182AE0E1EA00CC9672 /* Build configuration list for PBXProject "SoftBodyTetris" */;
			compatibilityVersion = "Xcode 14.0";
			developmentRegion = en;
			hasScannedForEncodings = 0;
			knownRegions = (
				en,
				Base,
			);
			mainGroup = E33935142AE0E1EA00CC9672;
			productRefGroup = E339351E2AE0E1EA00CC9672 /* Products */;
			projectDirPath = "";
			projectRoot = "";
			targets = (
				E339351C2AE0E1EA00CC9672 /* SoftBodyTetris */,
			);
		};
/* End PBXProject section */

/* Begin PBXSourcesBuildPhase section */
		E33935192AE0E1EA00CC9672 /* Sources */ = {
			isa = PBXSourcesBuildPhase;
			buildActionMask = 2147483647;
			files = (
				E3F03B5B2B13331B0080C2AE /* BodyRenderer.cpp in Sources */,
				E3EF33692B079B94001B6B20 /* ForceAdder.cpp in Sources */,
				E33935212AE0E1EA00CC9672 /* main.cpp in Sources */,
				E350FF5B2AF4856C00A3F6C1 /* FixedPoint.cpp in Sources */,
				E36E321A2B1971A400C5D9F7 /* Vec2D.cpp in Sources */,
				E3F4617F2AF9FCE10078AE76 /* IConnector.cpp in Sources */,
				E3F03B582B12509C0080C2AE /* IEntity.cpp in Sources */,
				E3F03B5E2B13365E0080C2AE /* ConnectorRenderer.cpp in Sources */,
				E3EF33712B07A859001B6B20 /* IBody.cpp in Sources */,
				E350FF5E2AF48ACA00A3F6C1 /* ElasticConnector.cpp in Sources */,
				E3F03B552B1248B70080C2AE /* PointRenderer.cpp in Sources */,
				E35B77BD2B24546D0080F759 /* Types.cpp in Sources */,
				E36B29A92B0BA34700C8C568 /* IRenderer.cpp in Sources */,
				E3F03B622B1395390080C2AE /* utils.cpp in Sources */,
				E3EF33742B07A861001B6B20 /* SoftBody.cpp in Sources */,
				E3B013F72AEA3DAB003C20E6 /* Window.cpp in Sources */,
				E36E320C2B188E8900C5D9F7 /* Color.cpp in Sources */,
				E36E31F42B184CAC00C5D9F7 /* IPoint.cpp in Sources */,
				E3B013FA2AEA45C5003C20E6 /* MassPoint.cpp in Sources */,
			);
			runOnlyForDeploymentPostprocessing = 0;
		};
/* End PBXSourcesBuildPhase section */

/* Begin XCBuildConfiguration section */
		E33935222AE0E1EA00CC9672 /* Debug */ = {
			isa = XCBuildConfiguration;
			buildSettings = {
				ALWAYS_SEARCH_USER_PATHS = NO;
				CLANG_ANALYZER_NONNULL = YES;
				CLANG_ANALYZER_NUMBER_OBJECT_CONVERSION = YES_AGGRESSIVE;
				CLANG_CXX_LANGUAGE_STANDARD = "gnu++20";
				CLANG_ENABLE_MODULES = YES;
				CLANG_ENABLE_OBJC_ARC = YES;
				CLANG_ENABLE_OBJC_WEAK = YES;
				CLANG_WARN_BLOCK_CAPTURE_AUTORELEASING = YES;
				CLANG_WARN_BOOL_CONVERSION = YES;
				CLANG_WARN_COMMA = YES;
				CLANG_WARN_CONSTANT_CONVERSION = YES;
				CLANG_WARN_DEPRECATED_OBJC_IMPLEMENTATIONS = YES;
				CLANG_WARN_DIRECT_OBJC_ISA_USAGE = YES_ERROR;
				CLANG_WARN_DOCUMENTATION_COMMENTS = YES;
				CLANG_WARN_EMPTY_BODY = YES;
				CLANG_WARN_ENUM_CONVERSION = YES;
				CLANG_WARN_INFINITE_RECURSION = YES;
				CLANG_WARN_INT_CONVERSION = YES;
				CLANG_WARN_NON_LITERAL_NULL_CONVERSION = YES;
				CLANG_WARN_OBJC_IMPLICIT_RETAIN_SELF = YES;
				CLANG_WARN_OBJC_LITERAL_CONVERSION = YES;
				CLANG_WARN_OBJC_ROOT_CLASS = YES_ERROR;
				CLANG_WARN_QUOTED_INCLUDE_IN_FRAMEWORK_HEADER = YES;
				CLANG_WARN_RANGE_LOOP_ANALYSIS = YES;
				CLANG_WARN_STRICT_PROTOTYPES = YES;
				CLANG_WARN_SUSPICIOUS_MOVE = YES;
				CLANG_WARN_UNGUARDED_AVAILABILITY = YES_AGGRESSIVE;
				CLANG_WARN_UNREACHABLE_CODE = YES;
				CLANG_WARN__DUPLICATE_METHOD_MATCH = YES;
				COPY_PHASE_STRIP = NO;
				DEBUG_INFORMATION_FORMAT = dwarf;
				ENABLE_STRICT_OBJC_MSGSEND = YES;
				ENABLE_TESTABILITY = YES;
				GCC_C_LANGUAGE_STANDARD = gnu11;
				GCC_DYNAMIC_NO_PIC = NO;
				GCC_NO_COMMON_BLOCKS = YES;
				GCC_OPTIMIZATION_LEVEL = 0;
				GCC_PREPROCESSOR_DEFINITIONS = (
					"DEBUG=1",
					"$(inherited)",
				);
				GCC_WARN_64_TO_32_BIT_CONVERSION = YES;
				GCC_WARN_ABOUT_RETURN_TYPE = YES_ERROR;
				GCC_WARN_UNDECLARED_SELECTOR = YES;
				GCC_WARN_UNINITIALIZED_AUTOS = YES_AGGRESSIVE;
				GCC_WARN_UNUSED_FUNCTION = YES;
				GCC_WARN_UNUSED_VARIABLE = YES;
				MACOSX_DEPLOYMENT_TARGET = 13.1;
				MTL_ENABLE_DEBUG_INFO = INCLUDE_SOURCE;
				MTL_FAST_MATH = YES;
				ONLY_ACTIVE_ARCH = YES;
				SDKROOT = macosx;
			};
			name = Debug;
		};
		E33935232AE0E1EA00CC9672 /* Release */ = {
			isa = XCBuildConfiguration;
			buildSettings = {
				ALWAYS_SEARCH_USER_PATHS = NO;
				CLANG_ANALYZER_NONNULL = YES;
				CLANG_ANALYZER_NUMBER_OBJECT_CONVERSION = YES_AGGRESSIVE;
				CLANG_CXX_LANGUAGE_STANDARD = "gnu++20";
				CLANG_ENABLE_MODULES = YES;
				CLANG_ENABLE_OBJC_ARC = YES;
				CLANG_ENABLE_OBJC_WEAK = YES;
				CLANG_WARN_BLOCK_CAPTURE_AUTORELEASING = YES;
				CLANG_WARN_BOOL_CONVERSION = YES;
				CLANG_WARN_COMMA = YES;
				CLANG_WARN_CONSTANT_CONVERSION = YES;
				CLANG_WARN_DEPRECATED_OBJC_IMPLEMENTATIONS = YES;
				CLANG_WARN_DIRECT_OBJC_ISA_USAGE = YES_ERROR;
				CLANG_WARN_DOCUMENTATION_COMMENTS = YES;
				CLANG_WARN_EMPTY_BODY = YES;
				CLANG_WARN_ENUM_CONVERSION = YES;
				CLANG_WARN_INFINITE_RECURSION = YES;
				CLANG_WARN_INT_CONVERSION = YES;
				CLANG_WARN_NON_LITERAL_NULL_CONVERSION = YES;
				CLANG_WARN_OBJC_IMPLICIT_RETAIN_SELF = YES;
				CLANG_WARN_OBJC_LITERAL_CONVERSION = YES;
				CLANG_WARN_OBJC_ROOT_CLASS = YES_ERROR;
				CLANG_WARN_QUOTED_INCLUDE_IN_FRAMEWORK_HEADER = YES;
				CLANG_WARN_RANGE_LOOP_ANALYSIS = YES;
				CLANG_WARN_STRICT_PROTOTYPES = YES;
				CLANG_WARN_SUSPICIOUS_MOVE = YES;
				CLANG_WARN_UNGUARDED_AVAILABILITY = YES_AGGRESSIVE;
				CLANG_WARN_UNREACHABLE_CODE = YES;
				CLANG_WARN__DUPLICATE_METHOD_MATCH = YES;
				COPY_PHASE_STRIP = NO;
				DEBUG_INFORMATION_FORMAT = "dwarf-with-dsym";
				ENABLE_NS_ASSERTIONS = NO;
				ENABLE_STRICT_OBJC_MSGSEND = YES;
				GCC_C_LANGUAGE_STANDARD = gnu11;
				GCC_NO_COMMON_BLOCKS = YES;
				GCC_WARN_64_TO_32_BIT_CONVERSION = YES;
				GCC_WARN_ABOUT_RETURN_TYPE = YES_ERROR;
				GCC_WARN_UNDECLARED_SELECTOR = YES;
				GCC_WARN_UNINITIALIZED_AUTOS = YES_AGGRESSIVE;
				GCC_WARN_UNUSED_FUNCTION = YES;
				GCC_WARN_UNUSED_VARIABLE = YES;
				MACOSX_DEPLOYMENT_TARGET = 13.1;
				MTL_ENABLE_DEBUG_INFO = NO;
				MTL_FAST_MATH = YES;
				SDKROOT = macosx;
			};
			name = Release;
		};
		E33935252AE0E1EA00CC9672 /* Debug */ = {
			isa = XCBuildConfiguration;
			buildSettings = {
				CODE_SIGN_IDENTITY = "Apple Development";
				"CODE_SIGN_IDENTITY[sdk=macosx*]" = "-";
				CODE_SIGN_STYLE = Manual;
				DEVELOPMENT_TEAM = "";
				FRAMEWORK_SEARCH_PATHS = (
					"$(inherited)",
					"$(LOCAL_LIBRARY_DIR)/Frameworks",
				);
				LIBRARY_SEARCH_PATHS = (
					"$(inherited)",
					"/opt/homebrew/Cellar/sdl2/2.28.4/include/**",
					"/opt/homebrew/Cellar/sdl2/2.28.4/lib/**",
					"$(LOCAL_LIBRARY_DIR)/Frameworks/SDL2.framework/Versions/A",
				);
				PRODUCT_NAME = "$(TARGET_NAME)";
				PROVISIONING_PROFILE_SPECIFIER = "";
			};
			name = Debug;
		};
		E33935262AE0E1EA00CC9672 /* Release */ = {
			isa = XCBuildConfiguration;
			buildSettings = {
				CODE_SIGN_STYLE = Automatic;
				FRAMEWORK_SEARCH_PATHS = (
					"$(inherited)",
					"$(LOCAL_LIBRARY_DIR)/Frameworks",
				);
				LIBRARY_SEARCH_PATHS = (
					"$(inherited)",
					"/opt/homebrew/Cellar/sdl2/2.28.4/include/**",
					"/opt/homebrew/Cellar/sdl2/2.28.4/lib/**",
					"$(LOCAL_LIBRARY_DIR)/Frameworks/SDL2.framework/Versions/A",
				);
				PRODUCT_NAME = "$(TARGET_NAME)";
			};
			name = Release;
		};
/* End XCBuildConfiguration section */

/* Begin XCConfigurationList section */
		E33935182AE0E1EA00CC9672 /* Build configuration list for PBXProject "SoftBodyTetris" */ = {
			isa = XCConfigurationList;
			buildConfigurations = (
				E33935222AE0E1EA00CC9672 /* Debug */,
				E33935232AE0E1EA00CC9672 /* Release */,
			);
			defaultConfigurationIsVisible = 0;
			defaultConfigurationName = Release;
		};
		E33935242AE0E1EA00CC9672 /* Build configuration list for PBXNativeTarget "SoftBodyTetris" */ = {
			isa = XCConfigurationList;
			buildConfigurations = (
				E33935252AE0E1EA00CC9672 /* Debug */,
				E33935262AE0E1EA00CC9672 /* Release */,
			);
			defaultConfigurationIsVisible = 0;
			defaultConfigurationName = Release;
		};
/* End XCConfigurationList section */
	};
	rootObject = E33935152AE0E1EA00CC9672 /* Project object */;
}
